
Microsoft Visual Studio Solution File, Format Version 11.00
# Visual Studio 2010
Project("{FAE04EC0-301F-11D3-BF4B-00C04F79EFBC}") = "OutlookMeetingAdd", "OutlookMeetingAdd\OutlookMeetingAdd.csproj", "{F410F0D7-F9C0-4BD1-9E97-444DE1F41C4C}"
EndProject
Global
	GlobalSection(SolutionConfigurationPlatforms) = preSolution
		Debug|Any CPU = Debug|Any CPU
		Release|Any CPU = Release|Any CPU
	EndGlobalSection
	GlobalSection(ProjectConfigurationPlatforms) = postSolution
		{F410F0D7-F9C0-4BD1-9E97-444DE1F41C4C}.Debug|Any CPU.ActiveCfg = Debug|Any CPU
		{F410F0D7-F9C0-4BD1-9E97-444DE1F41C4C}.Debug|Any CPU.Build.0 = Debug|Any CPU
		{F410F0D7-F9C0-4BD1-9E97-444DE1F41C4C}.Release|Any CPU.ActiveCfg = Release|Any CPU
		{F410F0D7-F9C0-4BD1-9E97-444DE1F41C4C}.Release|Any CPU.Build.0 = Release|Any CPU
	EndGlobalSection
	GlobalSection(SolutionProperties) = preSolution
		HideSolutionNode = FALSE
	EndGlobalSection
EndGlobal
